
Microsoft Visual Studio Solution File, Format Version 12.00
# Visual Studio Version 16
VisualStudioVersion = 16.0.29920.165
MinimumVisualStudioVersion = 10.0.40219.1
Project("{FAE04EC0-301F-11D3-BF4B-00C04F79EFBC}") = "PZ3", "PZ3\PZ3.csproj", "{5FC76028-34D4-418F-AB18-9D47B0E7D713}"
EndProject
Global
	GlobalSection(SolutionConfigurationPlatforms) = preSolution
		Debug|Any CPU = Debug|Any CPU
		Release|Any CPU = Release|Any CPU
	EndGlobalSection
	GlobalSection(ProjectConfigurationPlatforms) = postSolution
		{5FC76028-34D4-418F-AB18-9D47B0E7D713}.Debug|Any CPU.ActiveCfg = Debug|Any CPU
		{5FC76028-34D4-418F-AB18-9D47B0E7D713}.Debug|Any CPU.Build.0 = Debug|Any CPU
		{5FC76028-34D4-418F-AB18-9D47B0E7D713}.Release|Any CPU.ActiveCfg = Release|Any CPU
		{5FC76028-34D4-418F-AB18-9D47B0E7D713}.Release|Any CPU.Build.0 = Release|Any CPU
	EndGlobalSection
	GlobalSection(SolutionProperties) = preSolution
		HideSolutionNode = FALSE
	EndGlobalSection
	GlobalSection(ExtensibilityGlobals) = postSolution
		SolutionGuid = {0CA08AF2-DC71-4D06-B14B-1E3573773861}
	EndGlobalSection
EndGlobal
